
Microsoft Visual Studio Solution File, Format Version 12.00
# Visual Studio Version 16
VisualStudioVersion = 16.0.29215.179
MinimumVisualStudioVersion = 10.0.40219.1
Project("{8BC9CEB8-8B4A-11D0-8D11-00A0C91BC942}") = "Номер3_1_Заем", "Номер3_1_Заем\Номер3_1_Заем.vcxproj", "{D12895AA-97F1-4B73-8C69-6272BFC1CD10}"
EndProject
Global
	GlobalSection(SolutionConfigurationPlatforms) = preSolution
		Debug|x64 = Debug|x64
		Debug|x86 = Debug|x86
		Release|x64 = Release|x64
		Release|x86 = Release|x86
	EndGlobalSection
	GlobalSection(ProjectConfigurationPlatforms) = postSolution
		{D12895AA-97F1-4B73-8C69-6272BFC1CD10}.Debug|x64.ActiveCfg = Debug|x64
		{D12895AA-97F1-4B73-8C69-6272BFC1CD10}.Debug|x64.Build.0 = Debug|x64
		{D12895AA-97F1-4B73-8C69-6272BFC1CD10}.Debug|x86.ActiveCfg = Debug|Win32
		{D12895AA-97F1-4B73-8C69-6272BFC1CD10}.Debug|x86.Build.0 = Debug|Win32
		{D12895AA-97F1-4B73-8C69-6272BFC1CD10}.Release|x64.ActiveCfg = Release|x64
		{D12895AA-97F1-4B73-8C69-6272BFC1CD10}.Release|x64.Build.0 = Release|x64
		{D12895AA-97F1-4B73-8C69-6272BFC1CD10}.Release|x86.ActiveCfg = Release|Win32
		{D12895AA-97F1-4B73-8C69-6272BFC1CD10}.Release|x86.Build.0 = Release|Win32
	EndGlobalSection
	GlobalSection(SolutionProperties) = preSolution
		HideSolutionNode = FALSE
	EndGlobalSection
	GlobalSection(ExtensibilityGlobals) = postSolution
		SolutionGuid = {CC4F30F8-771D-43D6-BBC7-BC810F3B6473}
	EndGlobalSection
EndGlobal
