
Microsoft Visual Studio Solution File, Format Version 12.00
# Visual Studio Version 16
VisualStudioVersion = 16.0.29215.179
MinimumVisualStudioVersion = 10.0.40219.1
Project("{8BC9CEB8-8B4A-11D0-8D11-00A0C91BC942}") = "2_Задача про шарики", "2_Задача про шарики\2_Задача про шарики.vcxproj", "{30C3F743-7AB2-49A3-ADFE-636189D4B434}"
EndProject
Global
	GlobalSection(SolutionConfigurationPlatforms) = preSolution
		Debug|x64 = Debug|x64
		Debug|x86 = Debug|x86
		Release|x64 = Release|x64
		Release|x86 = Release|x86
	EndGlobalSection
	GlobalSection(ProjectConfigurationPlatforms) = postSolution
		{30C3F743-7AB2-49A3-ADFE-636189D4B434}.Debug|x64.ActiveCfg = Debug|x64
		{30C3F743-7AB2-49A3-ADFE-636189D4B434}.Debug|x64.Build.0 = Debug|x64
		{30C3F743-7AB2-49A3-ADFE-636189D4B434}.Debug|x86.ActiveCfg = Debug|Win32
		{30C3F743-7AB2-49A3-ADFE-636189D4B434}.Debug|x86.Build.0 = Debug|Win32
		{30C3F743-7AB2-49A3-ADFE-636189D4B434}.Release|x64.ActiveCfg = Release|x64
		{30C3F743-7AB2-49A3-ADFE-636189D4B434}.Release|x64.Build.0 = Release|x64
		{30C3F743-7AB2-49A3-ADFE-636189D4B434}.Release|x86.ActiveCfg = Release|Win32
		{30C3F743-7AB2-49A3-ADFE-636189D4B434}.Release|x86.Build.0 = Release|Win32
	EndGlobalSection
	GlobalSection(SolutionProperties) = preSolution
		HideSolutionNode = FALSE
	EndGlobalSection
	GlobalSection(ExtensibilityGlobals) = postSolution
		SolutionGuid = {3E9C398E-7308-4573-A369-82E5F87D820B}
	EndGlobalSection
EndGlobal
