
Microsoft Visual Studio Solution File, Format Version 12.00
# Visual Studio Version 16
VisualStudioVersion = 16.0.29215.179
MinimumVisualStudioVersion = 10.0.40219.1
Project("{8BC9CEB8-8B4A-11D0-8D11-00A0C91BC942}") = "Номер2_2_Разветвление", "Номер2_2_Разветвление\Номер2_2_Разветвление.vcxproj", "{921FA62C-350D-41E3-A882-A44824439F2A}"
EndProject
Global
	GlobalSection(SolutionConfigurationPlatforms) = preSolution
		Debug|x64 = Debug|x64
		Debug|x86 = Debug|x86
		Release|x64 = Release|x64
		Release|x86 = Release|x86
	EndGlobalSection
	GlobalSection(ProjectConfigurationPlatforms) = postSolution
		{921FA62C-350D-41E3-A882-A44824439F2A}.Debug|x64.ActiveCfg = Debug|x64
		{921FA62C-350D-41E3-A882-A44824439F2A}.Debug|x64.Build.0 = Debug|x64
		{921FA62C-350D-41E3-A882-A44824439F2A}.Debug|x86.ActiveCfg = Debug|Win32
		{921FA62C-350D-41E3-A882-A44824439F2A}.Debug|x86.Build.0 = Debug|Win32
		{921FA62C-350D-41E3-A882-A44824439F2A}.Release|x64.ActiveCfg = Release|x64
		{921FA62C-350D-41E3-A882-A44824439F2A}.Release|x64.Build.0 = Release|x64
		{921FA62C-350D-41E3-A882-A44824439F2A}.Release|x86.ActiveCfg = Release|Win32
		{921FA62C-350D-41E3-A882-A44824439F2A}.Release|x86.Build.0 = Release|Win32
	EndGlobalSection
	GlobalSection(SolutionProperties) = preSolution
		HideSolutionNode = FALSE
	EndGlobalSection
	GlobalSection(ExtensibilityGlobals) = postSolution
		SolutionGuid = {988ED317-724E-4D07-A1F9-639BCDBD8E3F}
	EndGlobalSection
EndGlobal
