
Microsoft Visual Studio Solution File, Format Version 12.00
# Visual Studio Version 16
VisualStudioVersion = 16.0.29324.140
MinimumVisualStudioVersion = 10.0.40219.1
Project("{8BC9CEB8-8B4A-11D0-8D11-00A0C91BC942}") = "Файл", "Файл\Файл.vcxproj", "{B16DF8CA-B54D-490F-B6A4-E5DAC4D31D85}"
EndProject
Global
	GlobalSection(SolutionConfigurationPlatforms) = preSolution
		Debug|x64 = Debug|x64
		Debug|x86 = Debug|x86
		Release|x64 = Release|x64
		Release|x86 = Release|x86
	EndGlobalSection
	GlobalSection(ProjectConfigurationPlatforms) = postSolution
		{B16DF8CA-B54D-490F-B6A4-E5DAC4D31D85}.Debug|x64.ActiveCfg = Debug|x64
		{B16DF8CA-B54D-490F-B6A4-E5DAC4D31D85}.Debug|x64.Build.0 = Debug|x64
		{B16DF8CA-B54D-490F-B6A4-E5DAC4D31D85}.Debug|x86.ActiveCfg = Debug|Win32
		{B16DF8CA-B54D-490F-B6A4-E5DAC4D31D85}.Debug|x86.Build.0 = Debug|Win32
		{B16DF8CA-B54D-490F-B6A4-E5DAC4D31D85}.Release|x64.ActiveCfg = Release|x64
		{B16DF8CA-B54D-490F-B6A4-E5DAC4D31D85}.Release|x64.Build.0 = Release|x64
		{B16DF8CA-B54D-490F-B6A4-E5DAC4D31D85}.Release|x86.ActiveCfg = Release|Win32
		{B16DF8CA-B54D-490F-B6A4-E5DAC4D31D85}.Release|x86.Build.0 = Release|Win32
	EndGlobalSection
	GlobalSection(SolutionProperties) = preSolution
		HideSolutionNode = FALSE
	EndGlobalSection
	GlobalSection(ExtensibilityGlobals) = postSolution
		SolutionGuid = {9B7F6D3A-C0E6-4175-BA12-E91D2E5CC965}
	EndGlobalSection
EndGlobal
